
Microsoft Visual Studio Solution File, Format Version 12.00
# Visual Studio Version 17
VisualStudioVersion = 17.5.33530.505
MinimumVisualStudioVersion = 10.0.40219.1
Project("{2150E333-8FDC-42A3-9474-1A3956D46DE8}") = "src", "src", "{E8B5FBEF-2BF7-49B1-BBEF-5E38B8A704A8}"
EndProject
Project("{2150E333-8FDC-42A3-9474-1A3956D46DE8}") = "Solution Items", "Solution Items", "{B16F26FA-D40D-483D-BB0B-1BAFEC865B93}"
	ProjectSection(SolutionItems) = preProject
		ServiceUrls.txt = ServiceUrls.txt
	EndProjectSection
EndProject
Project("{2150E333-8FDC-42A3-9474-1A3956D46DE8}") = "ApiGateways", "ApiGateways", "{80422448-D072-490D-8C65-83ADC7C7DB28}"
EndProject
Project("{2150E333-8FDC-42A3-9474-1A3956D46DE8}") = "WebApiGateway", "WebApiGateway", "{61FF3F70-E2CB-4BA9-839B-415888E3F4C9}"
EndProject
Project("{9A19103F-16F7-4668-BE54-9A1E7A4F7556}") = "Web.ApiGateway", "src\ApiGateways\WebApiGateway\Web.ApiGateway\Web.ApiGateway.csproj", "{6565E900-21C2-42E2-A687-3C18D4E93C8B}"
EndProject
Project("{2150E333-8FDC-42A3-9474-1A3956D46DE8}") = "BuildingsBlocks", "BuildingsBlocks", "{86BA7A58-51B0-4CE3-B91F-29A4B57B1941}"
EndProject
Project("{2150E333-8FDC-42A3-9474-1A3956D46DE8}") = "Clients", "Clients", "{A8145AD9-8F51-4629-A02A-9BB3CE7F1947}"
EndProject
Project("{2150E333-8FDC-42A3-9474-1A3956D46DE8}") = "Services", "Services", "{20B2ECDD-C103-4AA4-BC6C-D02A82B00892}"
EndProject
Project("{2150E333-8FDC-42A3-9474-1A3956D46DE8}") = "EventBus", "EventBus", "{824C51AA-2720-4B54-ABBD-B99FAF9861FC}"
EndProject
Project("{9A19103F-16F7-4668-BE54-9A1E7A4F7556}") = "EventBus.Base", "src\BuildingBlocks\EventBus\EventBus.Base\EventBus.Base.csproj", "{ECD2F6C4-7C07-4379-AB60-9FF270B61FBE}"
EndProject
Project("{9A19103F-16F7-4668-BE54-9A1E7A4F7556}") = "EventBus.Factory", "src\BuildingBlocks\EventBus\EventBus.Factory\EventBus.Factory.csproj", "{DD1D01EE-9C37-44DD-959C-E3956644871E}"
EndProject
Project("{9A19103F-16F7-4668-BE54-9A1E7A4F7556}") = "EventBus.AzureServiceBus", "src\BuildingBlocks\EventBus\EventBus.AzureServiceBus\EventBus.AzureServiceBus.csproj", "{CFD76566-E9B9-4069-9675-F79DE123A4FA}"
EndProject
Project("{9A19103F-16F7-4668-BE54-9A1E7A4F7556}") = "EventBus.RabbitMQ", "src\BuildingBlocks\EventBus\EventBus.RabbitMQ\EventBus.RabbitMQ.csproj", "{38014ABC-B19C-47D9-B18B-CF43D870445E}"
EndProject
Project("{2150E333-8FDC-42A3-9474-1A3956D46DE8}") = "BlazorWeb", "BlazorWeb", "{C0B07C41-DF8C-449B-9E88-7AEE120F93FB}"
EndProject
Project("{2150E333-8FDC-42A3-9474-1A3956D46DE8}") = "BasketService", "BasketService", "{52000C45-5562-4EB5-9321-E56083D508CD}"
EndProject
Project("{2150E333-8FDC-42A3-9474-1A3956D46DE8}") = "IdentityService", "IdentityService", "{2DE82F78-E751-4D4D-8151-33B9E2E3CF10}"
EndProject
Project("{2150E333-8FDC-42A3-9474-1A3956D46DE8}") = "CatalogService", "CatalogService", "{FD4D5F97-6003-46CD-947E-E7815B90A41F}"
EndProject
Project("{2150E333-8FDC-42A3-9474-1A3956D46DE8}") = "NotificationService", "NotificationService", "{15C825AC-4C38-4DF6-85BF-AD1DE99AD610}"
EndProject
Project("{FAE04EC0-301F-11D3-BF4B-00C04F79EFBC}") = "NotificationService", "src\Services\NotificationService\NotificationService\NotificationService.csproj", "{2D35E7CD-9879-435E-B226-EFBD477653B5}"
EndProject
Project("{2150E333-8FDC-42A3-9474-1A3956D46DE8}") = "OrderService", "OrderService", "{250B5452-B1B8-40F3-B4EA-D895C944F472}"
EndProject
Global
	GlobalSection(SolutionConfigurationPlatforms) = preSolution
		Debug|Any CPU = Debug|Any CPU
		Release|Any CPU = Release|Any CPU
	EndGlobalSection
	GlobalSection(ProjectConfigurationPlatforms) = postSolution
		{6565E900-21C2-42E2-A687-3C18D4E93C8B}.Debug|Any CPU.ActiveCfg = Debug|Any CPU
		{6565E900-21C2-42E2-A687-3C18D4E93C8B}.Debug|Any CPU.Build.0 = Debug|Any CPU
		{6565E900-21C2-42E2-A687-3C18D4E93C8B}.Release|Any CPU.ActiveCfg = Release|Any CPU
		{6565E900-21C2-42E2-A687-3C18D4E93C8B}.Release|Any CPU.Build.0 = Release|Any CPU
		{ECD2F6C4-7C07-4379-AB60-9FF270B61FBE}.Debug|Any CPU.ActiveCfg = Debug|Any CPU
		{ECD2F6C4-7C07-4379-AB60-9FF270B61FBE}.Debug|Any CPU.Build.0 = Debug|Any CPU
		{ECD2F6C4-7C07-4379-AB60-9FF270B61FBE}.Release|Any CPU.ActiveCfg = Release|Any CPU
		{ECD2F6C4-7C07-4379-AB60-9FF270B61FBE}.Release|Any CPU.Build.0 = Release|Any CPU
		{DD1D01EE-9C37-44DD-959C-E3956644871E}.Debug|Any CPU.ActiveCfg = Debug|Any CPU
		{DD1D01EE-9C37-44DD-959C-E3956644871E}.Debug|Any CPU.Build.0 = Debug|Any CPU
		{DD1D01EE-9C37-44DD-959C-E3956644871E}.Release|Any CPU.ActiveCfg = Release|Any CPU
		{DD1D01EE-9C37-44DD-959C-E3956644871E}.Release|Any CPU.Build.0 = Release|Any CPU
		{CFD76566-E9B9-4069-9675-F79DE123A4FA}.Debug|Any CPU.ActiveCfg = Debug|Any CPU
		{CFD76566-E9B9-4069-9675-F79DE123A4FA}.Debug|Any CPU.Build.0 = Debug|Any CPU
		{CFD76566-E9B9-4069-9675-F79DE123A4FA}.Release|Any CPU.ActiveCfg = Release|Any CPU
		{CFD76566-E9B9-4069-9675-F79DE123A4FA}.Release|Any CPU.Build.0 = Release|Any CPU
		{38014ABC-B19C-47D9-B18B-CF43D870445E}.Debug|Any CPU.ActiveCfg = Debug|Any CPU
		{38014ABC-B19C-47D9-B18B-CF43D870445E}.Debug|Any CPU.Build.0 = Debug|Any CPU
		{38014ABC-B19C-47D9-B18B-CF43D870445E}.Release|Any CPU.ActiveCfg = Release|Any CPU
		{38014ABC-B19C-47D9-B18B-CF43D870445E}.Release|Any CPU.Build.0 = Release|Any CPU
		{2D35E7CD-9879-435E-B226-EFBD477653B5}.Debug|Any CPU.ActiveCfg = Debug|Any CPU
		{2D35E7CD-9879-435E-B226-EFBD477653B5}.Debug|Any CPU.Build.0 = Debug|Any CPU
		{2D35E7CD-9879-435E-B226-EFBD477653B5}.Release|Any CPU.ActiveCfg = Release|Any CPU
		{2D35E7CD-9879-435E-B226-EFBD477653B5}.Release|Any CPU.Build.0 = Release|Any CPU
	EndGlobalSection
	GlobalSection(SolutionProperties) = preSolution
		HideSolutionNode = FALSE
	EndGlobalSection
	GlobalSection(NestedProjects) = preSolution
		{80422448-D072-490D-8C65-83ADC7C7DB28} = {E8B5FBEF-2BF7-49B1-BBEF-5E38B8A704A8}
		{61FF3F70-E2CB-4BA9-839B-415888E3F4C9} = {80422448-D072-490D-8C65-83ADC7C7DB28}
		{6565E900-21C2-42E2-A687-3C18D4E93C8B} = {61FF3F70-E2CB-4BA9-839B-415888E3F4C9}
		{86BA7A58-51B0-4CE3-B91F-29A4B57B1941} = {E8B5FBEF-2BF7-49B1-BBEF-5E38B8A704A8}
		{A8145AD9-8F51-4629-A02A-9BB3CE7F1947} = {E8B5FBEF-2BF7-49B1-BBEF-5E38B8A704A8}
		{20B2ECDD-C103-4AA4-BC6C-D02A82B00892} = {E8B5FBEF-2BF7-49B1-BBEF-5E38B8A704A8}
		{824C51AA-2720-4B54-ABBD-B99FAF9861FC} = {86BA7A58-51B0-4CE3-B91F-29A4B57B1941}
		{ECD2F6C4-7C07-4379-AB60-9FF270B61FBE} = {824C51AA-2720-4B54-ABBD-B99FAF9861FC}
		{DD1D01EE-9C37-44DD-959C-E3956644871E} = {824C51AA-2720-4B54-ABBD-B99FAF9861FC}
		{CFD76566-E9B9-4069-9675-F79DE123A4FA} = {824C51AA-2720-4B54-ABBD-B99FAF9861FC}
		{38014ABC-B19C-47D9-B18B-CF43D870445E} = {824C51AA-2720-4B54-ABBD-B99FAF9861FC}
		{C0B07C41-DF8C-449B-9E88-7AEE120F93FB} = {A8145AD9-8F51-4629-A02A-9BB3CE7F1947}
		{52000C45-5562-4EB5-9321-E56083D508CD} = {20B2ECDD-C103-4AA4-BC6C-D02A82B00892}
		{2DE82F78-E751-4D4D-8151-33B9E2E3CF10} = {20B2ECDD-C103-4AA4-BC6C-D02A82B00892}
		{FD4D5F97-6003-46CD-947E-E7815B90A41F} = {20B2ECDD-C103-4AA4-BC6C-D02A82B00892}
		{15C825AC-4C38-4DF6-85BF-AD1DE99AD610} = {20B2ECDD-C103-4AA4-BC6C-D02A82B00892}
		{2D35E7CD-9879-435E-B226-EFBD477653B5} = {15C825AC-4C38-4DF6-85BF-AD1DE99AD610}
		{250B5452-B1B8-40F3-B4EA-D895C944F472} = {20B2ECDD-C103-4AA4-BC6C-D02A82B00892}
	EndGlobalSection
	GlobalSection(ExtensibilityGlobals) = postSolution
		SolutionGuid = {47237371-A9C8-48F2-A9FB-B98F34CD960C}
	EndGlobalSection
EndGlobal
